// !$*UTF8*$!
{
	archiveVersion = 1;
	classes = {
	};
	objectVersion = 55;
	objects = {

/* Begin PBXBuildFile section */
		9B99D23E27CDE674009F4D31 /* pull_up_manApp.swift in Sources */ = {isa = PBXBuildFile; fileRef = 9B99D23D27CDE674009F4D31 /* pull_up_manApp.swift */; };
		9B99D24027CDE674009F4D31 /* ContentView.swift in Sources */ = {isa = PBXBuildFile; fileRef = 9B99D23F27CDE674009F4D31 /* ContentView.swift */; };
		9B99D24227CDE674009F4D31 /* Assets.xcassets in Resources */ = {isa = PBXBuildFile; fileRef = 9B99D24127CDE674009F4D31 /* Assets.xcassets */; };
		9B99D24527CDE674009F4D31 /* Preview Assets.xcassets in Resources */ = {isa = PBXBuildFile; fileRef = 9B99D24427CDE674009F4D31 /* Preview Assets.xcassets */; };
		9B99D24727CDE674009F4D31 /* Persistence.swift in Sources */ = {isa = PBXBuildFile; fileRef = 9B99D24627CDE674009F4D31 /* Persistence.swift */; };
		9B99D24A27CDE674009F4D31 /* pull_up_man.xcdatamodeld in Sources */ = {isa = PBXBuildFile; fileRef = 9B99D24827CDE674009F4D31 /* pull_up_man.xcdatamodeld */; };
		9B99D25427CDE7C1009F4D31 /* MainView.swift in Sources */ = {isa = PBXBuildFile; fileRef = 9B99D25327CDE7C1009F4D31 /* MainView.swift */; };
		9B99D25627CDE858009F4D31 /* test.swift in Sources */ = {isa = PBXBuildFile; fileRef = 9B99D25527CDE858009F4D31 /* test.swift */; };
		9B99D25927CDF326009F4D31 /* Localizable.strings in Resources */ = {isa = PBXBuildFile; fileRef = 9B99D25B27CDF326009F4D31 /* Localizable.strings */; };
		9B99D25F27CDF452009F4D31 /* InfoPlist.strings in Resources */ = {isa = PBXBuildFile; fileRef = 9B99D26127CDF452009F4D31 /* InfoPlist.strings */; };
		9B99D26327CDF644009F4D31 /* WorkOutView.swift in Sources */ = {isa = PBXBuildFile; fileRef = 9B99D26227CDF644009F4D31 /* WorkOutView.swift */; };
		9B99D26527CE0335009F4D31 /* WorkOutListView.swift in Sources */ = {isa = PBXBuildFile; fileRef = 9B99D26427CE0335009F4D31 /* WorkOutListView.swift */; };
/* End PBXBuildFile section */

/* Begin PBXFileReference section */
		9B99D23A27CDE674009F4D31 /* pull-up-man.app */ = {isa = PBXFileReference; explicitFileType = wrapper.application; includeInIndex = 0; path = "pull-up-man.app"; sourceTree = BUILT_PRODUCTS_DIR; };
		9B99D23D27CDE674009F4D31 /* pull_up_manApp.swift */ = {isa = PBXFileReference; lastKnownFileType = sourcecode.swift; path = pull_up_manApp.swift; sourceTree = "<group>"; };
		9B99D23F27CDE674009F4D31 /* ContentView.swift */ = {isa = PBXFileReference; lastKnownFileType = sourcecode.swift; path = ContentView.swift; sourceTree = "<group>"; };
		9B99D24127CDE674009F4D31 /* Assets.xcassets */ = {isa = PBXFileReference; lastKnownFileType = folder.assetcatalog; path = Assets.xcassets; sourceTree = "<group>"; };
		9B99D24427CDE674009F4D31 /* Preview Assets.xcassets */ = {isa = PBXFileReference; lastKnownFileType = folder.assetcatalog; path = "Preview Assets.xcassets"; sourceTree = "<group>"; };
		9B99D24627CDE674009F4D31 /* Persistence.swift */ = {isa = PBXFileReference; lastKnownFileType = sourcecode.swift; path = Persistence.swift; sourceTree = "<group>"; };
		9B99D24927CDE674009F4D31 /* pull_up_man.xcdatamodel */ = {isa = PBXFileReference; lastKnownFileType = wrapper.xcdatamodel; path = pull_up_man.xcdatamodel; sourceTree = "<group>"; };
		9B99D25327CDE7C1009F4D31 /* MainView.swift */ = {isa = PBXFileReference; lastKnownFileType = sourcecode.swift; path = MainView.swift; sourceTree = "<group>"; };
		9B99D25527CDE858009F4D31 /* test.swift */ = {isa = PBXFileReference; lastKnownFileType = sourcecode.swift; path = test.swift; sourceTree = "<group>"; };
		9B99D25A27CDF326009F4D31 /* en */ = {isa = PBXFileReference; lastKnownFileType = text.plist.strings; name = en; path = en.lproj/Localizable.strings; sourceTree = "<group>"; };
		9B99D25C27CDF3A2009F4D31 /* ko */ = {isa = PBXFileReference; lastKnownFileType = text.plist.strings; name = ko; path = ko.lproj/Localizable.strings; sourceTree = "<group>"; };
		9B99D26027CDF452009F4D31 /* ko */ = {isa = PBXFileReference; lastKnownFileType = text.plist.strings; name = ko; path = ko.lproj/InfoPlist.strings; sourceTree = "<group>"; };
		9B99D26227CDF644009F4D31 /* WorkOutView.swift */ = {isa = PBXFileReference; lastKnownFileType = sourcecode.swift; path = WorkOutView.swift; sourceTree = "<group>"; };
		9B99D26427CE0335009F4D31 /* WorkOutListView.swift */ = {isa = PBXFileReference; lastKnownFileType = sourcecode.swift; path = WorkOutListView.swift; sourceTree = "<group>"; };
/* End PBXFileReference section */

/* Begin PBXFrameworksBuildPhase section */
		9B99D23727CDE674009F4D31 /* Frameworks */ = {
			isa = PBXFrameworksBuildPhase;
			buildActionMask = 2147483647;
			files = (
			);
			runOnlyForDeploymentPostprocessing = 0;
		};
/* End PBXFrameworksBuildPhase section */

/* Begin PBXGroup section */
		9B99D23127CDE674009F4D31 = {
			isa = PBXGroup;
			children = (
				9B99D26127CDF452009F4D31 /* InfoPlist.strings */,
				9B99D25B27CDF326009F4D31 /* Localizable.strings */,
				9B99D23C27CDE674009F4D31 /* pull-up-man */,
				9B99D23B27CDE674009F4D31 /* Products */,
			);
			sourceTree = "<group>";
		};
		9B99D23B27CDE674009F4D31 /* Products */ = {
			isa = PBXGroup;
			children = (
				9B99D23A27CDE674009F4D31 /* pull-up-man.app */,
			);
			name = Products;
			sourceTree = "<group>";
		};
		9B99D23C27CDE674009F4D31 /* pull-up-man */ = {
			isa = PBXGroup;
			children = (
				9B99D23D27CDE674009F4D31 /* pull_up_manApp.swift */,
				9B99D25027CDE682009F4D31 /* Model */,
				9B99D25127CDE691009F4D31 /* View */,
				9B99D25227CDE696009F4D31 /* ViewModel */,
				9B99D24627CDE674009F4D31 /* Persistence.swift */,
				9B99D23F27CDE674009F4D31 /* ContentView.swift */,
				9B99D24127CDE674009F4D31 /* Assets.xcassets */,
				9B99D24827CDE674009F4D31 /* pull_up_man.xcdatamodeld */,
				9B99D24327CDE674009F4D31 /* Preview Content */,
			);
			path = "pull-up-man";
			sourceTree = "<group>";
		};
		9B99D24327CDE674009F4D31 /* Preview Content */ = {
			isa = PBXGroup;
			children = (
				9B99D24427CDE674009F4D31 /* Preview Assets.xcassets */,
			);
			path = "Preview Content";
			sourceTree = "<group>";
		};
		9B99D25027CDE682009F4D31 /* Model */ = {
			isa = PBXGroup;
			children = (
			);
			path = Model;
			sourceTree = "<group>";
		};
		9B99D25127CDE691009F4D31 /* View */ = {
			isa = PBXGroup;
			children = (
				9B99D25327CDE7C1009F4D31 /* MainView.swift */,
				9B99D26227CDF644009F4D31 /* WorkOutView.swift */,
				9B99D26427CE0335009F4D31 /* WorkOutListView.swift */,
				9B99D25527CDE858009F4D31 /* test.swift */,
			);
			path = View;
			sourceTree = "<group>";
		};
		9B99D25227CDE696009F4D31 /* ViewModel */ = {
			isa = PBXGroup;
			children = (
			);
			path = ViewModel;
			sourceTree = "<group>";
		};
/* End PBXGroup section */

/* Begin PBXNativeTarget section */
		9B99D23927CDE674009F4D31 /* pull-up-man */ = {
			isa = PBXNativeTarget;
			buildConfigurationList = 9B99D24D27CDE674009F4D31 /* Build configuration list for PBXNativeTarget "pull-up-man" */;
			buildPhases = (
				9B99D23627CDE674009F4D31 /* Sources */,
				9B99D23727CDE674009F4D31 /* Frameworks */,
				9B99D23827CDE674009F4D31 /* Resources */,
			);
			buildRules = (
			);
			dependencies = (
			);
			name = "pull-up-man";
			productName = "pull-up-man";
			productReference = 9B99D23A27CDE674009F4D31 /* pull-up-man.app */;
			productType = "com.apple.product-type.application";
		};
/* End PBXNativeTarget section */

/* Begin PBXProject section */
		9B99D23227CDE674009F4D31 /* Project object */ = {
			isa = PBXProject;
			attributes = {
				BuildIndependentTargetsInParallel = 1;
				LastSwiftUpdateCheck = 1320;
				LastUpgradeCheck = 1320;
				TargetAttributes = {
					9B99D23927CDE674009F4D31 = {
						CreatedOnToolsVersion = 13.2.1;
					};
				};
			};
			buildConfigurationList = 9B99D23527CDE674009F4D31 /* Build configuration list for PBXProject "pull-up-man" */;
			compatibilityVersion = "Xcode 13.0";
			developmentRegion = en;
			hasScannedForEncodings = 0;
			knownRegions = (
				en,
				Base,
				ko,
			);
			mainGroup = 9B99D23127CDE674009F4D31;
			productRefGroup = 9B99D23B27CDE674009F4D31 /* Products */;
			projectDirPath = "";
			projectRoot = "";
			targets = (
				9B99D23927CDE674009F4D31 /* pull-up-man */,
			);
		};
/* End PBXProject section */

/* Begin PBXResourcesBuildPhase section */
		9B99D23827CDE674009F4D31 /* Resources */ = {
			isa = PBXResourcesBuildPhase;
			buildActionMask = 2147483647;
			files = (
				9B99D24527CDE674009F4D31 /* Preview Assets.xcassets in Resources */,
				9B99D25F27CDF452009F4D31 /* InfoPlist.strings in Resources */,
				9B99D25927CDF326009F4D31 /* Localizable.strings in Resources */,
				9B99D24227CDE674009F4D31 /* Assets.xcassets in Resources */,
			);
			runOnlyForDeploymentPostprocessing = 0;
		};
/* End PBXResourcesBuildPhase section */

/* Begin PBXSourcesBuildPhase section */
		9B99D23627CDE674009F4D31 /* Sources */ = {
			isa = PBXSourcesBuildPhase;
			buildActionMask = 2147483647;
			files = (
				9B99D24A27CDE674009F4D31 /* pull_up_man.xcdatamodeld in Sources */,
				9B99D25627CDE858009F4D31 /* test.swift in Sources */,
				9B99D26527CE0335009F4D31 /* WorkOutListView.swift in Sources */,
				9B99D24727CDE674009F4D31 /* Persistence.swift in Sources */,
				9B99D26327CDF644009F4D31 /* WorkOutView.swift in Sources */,
				9B99D24027CDE674009F4D31 /* ContentView.swift in Sources */,
				9B99D25427CDE7C1009F4D31 /* MainView.swift in Sources */,
				9B99D23E27CDE674009F4D31 /* pull_up_manApp.swift in Sources */,
			);
			runOnlyForDeploymentPostprocessing = 0;
		};
/* End PBXSourcesBuildPhase section */

/* Begin PBXVariantGroup section */
		9B99D25B27CDF326009F4D31 /* Localizable.strings */ = {
			isa = PBXVariantGroup;
			children = (
				9B99D25A27CDF326009F4D31 /* en */,
				9B99D25C27CDF3A2009F4D31 /* ko */,
			);
			name = Localizable.strings;
			sourceTree = "<group>";
		};
		9B99D26127CDF452009F4D31 /* InfoPlist.strings */ = {
			isa = PBXVariantGroup;
			children = (
				9B99D26027CDF452009F4D31 /* ko */,
			);
			name = InfoPlist.strings;
			sourceTree = "<group>";
		};
/* End PBXVariantGroup section */

/* Begin XCBuildConfiguration section */
		9B99D24B27CDE674009F4D31 /* Debug */ = {
			isa = XCBuildConfiguration;
			buildSettings = {
				ALWAYS_SEARCH_USER_PATHS = NO;
				CLANG_ANALYZER_LOCALIZABILITY_NONLOCALIZED = YES;
				CLANG_ANALYZER_NONNULL = YES;
				CLANG_ANALYZER_NUMBER_OBJECT_CONVERSION = YES_AGGRESSIVE;
				CLANG_CXX_LANGUAGE_STANDARD = "gnu++17";
				CLANG_CXX_LIBRARY = "libc++";
				CLANG_ENABLE_MODULES = YES;
				CLANG_ENABLE_OBJC_ARC = YES;
				CLANG_ENABLE_OBJC_WEAK = YES;
				CLANG_WARN_BLOCK_CAPTURE_AUTORELEASING = YES;
				CLANG_WARN_BOOL_CONVERSION = YES;
				CLANG_WARN_COMMA = YES;
				CLANG_WARN_CONSTANT_CONVERSION = YES;
				CLANG_WARN_DEPRECATED_OBJC_IMPLEMENTATIONS = YES;
				CLANG_WARN_DIRECT_OBJC_ISA_USAGE = YES_ERROR;
				CLANG_WARN_DOCUMENTATION_COMMENTS = YES;
				CLANG_WARN_EMPTY_BODY = YES;
				CLANG_WARN_ENUM_CONVERSION = YES;
				CLANG_WARN_INFINITE_RECURSION = YES;
				CLANG_WARN_INT_CONVERSION = YES;
				CLANG_WARN_NON_LITERAL_NULL_CONVERSION = YES;
				CLANG_WARN_OBJC_IMPLICIT_RETAIN_SELF = YES;
				CLANG_WARN_OBJC_LITERAL_CONVERSION = YES;
				CLANG_WARN_OBJC_ROOT_CLASS = YES_ERROR;
				CLANG_WARN_QUOTED_INCLUDE_IN_FRAMEWORK_HEADER = YES;
				CLANG_WARN_RANGE_LOOP_ANALYSIS = YES;
				CLANG_WARN_STRICT_PROTOTYPES = YES;
				CLANG_WARN_SUSPICIOUS_MOVE = YES;
				CLANG_WARN_UNGUARDED_AVAILABILITY = YES_AGGRESSIVE;
				CLANG_WARN_UNREACHABLE_CODE = YES;
				CLANG_WARN__DUPLICATE_METHOD_MATCH = YES;
				COPY_PHASE_STRIP = NO;
				DEBUG_INFORMATION_FORMAT = dwarf;
				ENABLE_STRICT_OBJC_MSGSEND = YES;
				ENABLE_TESTABILITY = YES;
				GCC_C_LANGUAGE_STANDARD = gnu11;
				GCC_DYNAMIC_NO_PIC = NO;
				GCC_NO_COMMON_BLOCKS = YES;
				GCC_OPTIMIZATION_LEVEL = 0;
				GCC_PREPROCESSOR_DEFINITIONS = (
					"DEBUG=1",
					"$(inherited)",
				);
				GCC_WARN_64_TO_32_BIT_CONVERSION = YES;
				GCC_WARN_ABOUT_RETURN_TYPE = YES_ERROR;
				GCC_WARN_UNDECLARED_SELECTOR = YES;
				GCC_WARN_UNINITIALIZED_AUTOS = YES_AGGRESSIVE;
				GCC_WARN_UNUSED_FUNCTION = YES;
				GCC_WARN_UNUSED_VARIABLE = YES;
				IPHONEOS_DEPLOYMENT_TARGET = 15.2;
				MTL_ENABLE_DEBUG_INFO = INCLUDE_SOURCE;
				MTL_FAST_MATH = YES;
				ONLY_ACTIVE_ARCH = YES;
				SDKROOT = iphoneos;
				SWIFT_ACTIVE_COMPILATION_CONDITIONS = DEBUG;
				SWIFT_OPTIMIZATION_LEVEL = "-Onone";
			};
			name = Debug;
		};
		9B99D24C27CDE674009F4D31 /* Release */ = {
			isa = XCBuildConfiguration;
			buildSettings = {
				ALWAYS_SEARCH_USER_PATHS = NO;
				CLANG_ANALYZER_LOCALIZABILITY_NONLOCALIZED = YES;
				CLANG_ANALYZER_NONNULL = YES;
				CLANG_ANALYZER_NUMBER_OBJECT_CONVERSION = YES_AGGRESSIVE;
				CLANG_CXX_LANGUAGE_STANDARD = "gnu++17";
				CLANG_CXX_LIBRARY = "libc++";
				CLANG_ENABLE_MODULES = YES;
				CLANG_ENABLE_OBJC_ARC = YES;
				CLANG_ENABLE_OBJC_WEAK = YES;
				CLANG_WARN_BLOCK_CAPTURE_AUTORELEASING = YES;
				CLANG_WARN_BOOL_CONVERSION = YES;
				CLANG_WARN_COMMA = YES;
				CLANG_WARN_CONSTANT_CONVERSION = YES;
				CLANG_WARN_DEPRECATED_OBJC_IMPLEMENTATIONS = YES;
				CLANG_WARN_DIRECT_OBJC_ISA_USAGE = YES_ERROR;
				CLANG_WARN_DOCUMENTATION_COMMENTS = YES;
				CLANG_WARN_EMPTY_BODY = YES;
				CLANG_WARN_ENUM_CONVERSION = YES;
				CLANG_WARN_INFINITE_RECURSION = YES;
				CLANG_WARN_INT_CONVERSION = YES;
				CLANG_WARN_NON_LITERAL_NULL_CONVERSION = YES;
				CLANG_WARN_OBJC_IMPLICIT_RETAIN_SELF = YES;
				CLANG_WARN_OBJC_LITERAL_CONVERSION = YES;
				CLANG_WARN_OBJC_ROOT_CLASS = YES_ERROR;
				CLANG_WARN_QUOTED_INCLUDE_IN_FRAMEWORK_HEADER = YES;
				CLANG_WARN_RANGE_LOOP_ANALYSIS = YES;
				CLANG_WARN_STRICT_PROTOTYPES = YES;
				CLANG_WARN_SUSPICIOUS_MOVE = YES;
				CLANG_WARN_UNGUARDED_AVAILABILITY = YES_AGGRESSIVE;
				CLANG_WARN_UNREACHABLE_CODE = YES;
				CLANG_WARN__DUPLICATE_METHOD_MATCH = YES;
				COPY_PHASE_STRIP = NO;
				DEBUG_INFORMATION_FORMAT = "dwarf-with-dsym";
				ENABLE_NS_ASSERTIONS = NO;
				ENABLE_STRICT_OBJC_MSGSEND = YES;
				GCC_C_LANGUAGE_STANDARD = gnu11;
				GCC_NO_COMMON_BLOCKS = YES;
				GCC_WARN_64_TO_32_BIT_CONVERSION = YES;
				GCC_WARN_ABOUT_RETURN_TYPE = YES_ERROR;
				GCC_WARN_UNDECLARED_SELECTOR = YES;
				GCC_WARN_UNINITIALIZED_AUTOS = YES_AGGRESSIVE;
				GCC_WARN_UNUSED_FUNCTION = YES;
				GCC_WARN_UNUSED_VARIABLE = YES;
				IPHONEOS_DEPLOYMENT_TARGET = 15.2;
				MTL_ENABLE_DEBUG_INFO = NO;
				MTL_FAST_MATH = YES;
				SDKROOT = iphoneos;
				SWIFT_COMPILATION_MODE = wholemodule;
				SWIFT_OPTIMIZATION_LEVEL = "-O";
				VALIDATE_PRODUCT = YES;
			};
			name = Release;
		};
		9B99D24E27CDE674009F4D31 /* Debug */ = {
			isa = XCBuildConfiguration;
			buildSettings = {
				ASSETCATALOG_COMPILER_APPICON_NAME = AppIcon;
				ASSETCATALOG_COMPILER_GLOBAL_ACCENT_COLOR_NAME = MyGreen;
				CODE_SIGN_STYLE = Automatic;
				CURRENT_PROJECT_VERSION = 1;
				DEVELOPMENT_ASSET_PATHS = "\"pull-up-man/Preview Content\"";
				DEVELOPMENT_TEAM = P25FRW9M7Q;
				ENABLE_PREVIEWS = YES;
				GENERATE_INFOPLIST_FILE = YES;
				INFOPLIST_KEY_UIApplicationSceneManifest_Generation = YES;
				INFOPLIST_KEY_UIApplicationSupportsIndirectInputEvents = YES;
				INFOPLIST_KEY_UILaunchScreen_Generation = YES;
				INFOPLIST_KEY_UISupportedInterfaceOrientations_iPad = "UIInterfaceOrientationPortrait UIInterfaceOrientationPortraitUpsideDown UIInterfaceOrientationLandscapeLeft UIInterfaceOrientationLandscapeRight";
				INFOPLIST_KEY_UISupportedInterfaceOrientations_iPhone = "UIInterfaceOrientationPortrait UIInterfaceOrientationLandscapeLeft UIInterfaceOrientationLandscapeRight";
				LD_RUNPATH_SEARCH_PATHS = (
					"$(inherited)",
					"@executable_path/Frameworks",
				);
				MARKETING_VERSION = 1.0;
				PRODUCT_BUNDLE_IDENTIFIER = "com.yohwang.pull-up-man";
				PRODUCT_NAME = "$(TARGET_NAME)";
				SWIFT_EMIT_LOC_STRINGS = YES;
				SWIFT_VERSION = 5.0;
				TARGETED_DEVICE_FAMILY = "1,2";
			};
			name = Debug;
		};
		9B99D24F27CDE674009F4D31 /* Release */ = {
			isa = XCBuildConfiguration;
			buildSettings = {
				ASSETCATALOG_COMPILER_APPICON_NAME = AppIcon;
				ASSETCATALOG_COMPILER_GLOBAL_ACCENT_COLOR_NAME = MyGreen;
				CODE_SIGN_STYLE = Automatic;
				CURRENT_PROJECT_VERSION = 1;
				DEVELOPMENT_ASSET_PATHS = "\"pull-up-man/Preview Content\"";
				DEVELOPMENT_TEAM = P25FRW9M7Q;
				ENABLE_PREVIEWS = YES;
				GENERATE_INFOPLIST_FILE = YES;
				INFOPLIST_KEY_UIApplicationSceneManifest_Generation = YES;
				INFOPLIST_KEY_UIApplicationSupportsIndirectInputEvents = YES;
				INFOPLIST_KEY_UILaunchScreen_Generation = YES;
				INFOPLIST_KEY_UISupportedInterfaceOrientations_iPad = "UIInterfaceOrientationPortrait UIInterfaceOrientationPortraitUpsideDown UIInterfaceOrientationLandscapeLeft UIInterfaceOrientationLandscapeRight";
				INFOPLIST_KEY_UISupportedInterfaceOrientations_iPhone = "UIInterfaceOrientationPortrait UIInterfaceOrientationLandscapeLeft UIInterfaceOrientationLandscapeRight";
				LD_RUNPATH_SEARCH_PATHS = (
					"$(inherited)",
					"@executable_path/Frameworks",
				);
				MARKETING_VERSION = 1.0;
				PRODUCT_BUNDLE_IDENTIFIER = "com.yohwang.pull-up-man";
				PRODUCT_NAME = "$(TARGET_NAME)";
				SWIFT_EMIT_LOC_STRINGS = YES;
				SWIFT_VERSION = 5.0;
				TARGETED_DEVICE_FAMILY = "1,2";
			};
			name = Release;
		};
/* End XCBuildConfiguration section */

/* Begin XCConfigurationList section */
		9B99D23527CDE674009F4D31 /* Build configuration list for PBXProject "pull-up-man" */ = {
			isa = XCConfigurationList;
			buildConfigurations = (
				9B99D24B27CDE674009F4D31 /* Debug */,
				9B99D24C27CDE674009F4D31 /* Release */,
			);
			defaultConfigurationIsVisible = 0;
			defaultConfigurationName = Release;
		};
		9B99D24D27CDE674009F4D31 /* Build configuration list for PBXNativeTarget "pull-up-man" */ = {
			isa = XCConfigurationList;
			buildConfigurations = (
				9B99D24E27CDE674009F4D31 /* Debug */,
				9B99D24F27CDE674009F4D31 /* Release */,
			);
			defaultConfigurationIsVisible = 0;
			defaultConfigurationName = Release;
		};
/* End XCConfigurationList section */

/* Begin XCVersionGroup section */
		9B99D24827CDE674009F4D31 /* pull_up_man.xcdatamodeld */ = {
			isa = XCVersionGroup;
			children = (
				9B99D24927CDE674009F4D31 /* pull_up_man.xcdatamodel */,
			);
			currentVersion = 9B99D24927CDE674009F4D31 /* pull_up_man.xcdatamodel */;
			path = pull_up_man.xcdatamodeld;
			sourceTree = "<group>";
			versionGroupType = wrapper.xcdatamodel;
		};
/* End XCVersionGroup section */
	};
	rootObject = 9B99D23227CDE674009F4D31 /* Project object */;
}
