// !$*UTF8*$!
{
	archiveVersion = 1;
	classes = {
	};
	objectVersion = 55;
	objects = {

/* Begin PBXBuildFile section */
		9B0266B5283CBCF4008DBB9E /* SettingGeneralView.swift in Sources */ = {isa = PBXBuildFile; fileRef = 9B0266B4283CBCF4008DBB9E /* SettingGeneralView.swift */; };
		9B052B5027E21A930003953C /* PushUpResultView.swift in Sources */ = {isa = PBXBuildFile; fileRef = 9B052B4F27E21A930003953C /* PushUpResultView.swift */; };
		9B052B5327E323460003953C /* PullUpView.swift in Sources */ = {isa = PBXBuildFile; fileRef = 9B052B5227E323460003953C /* PullUpView.swift */; };
		9B052B5527E4967C0003953C /* PullUpHeaderView.swift in Sources */ = {isa = PBXBuildFile; fileRef = 9B052B5427E4967C0003953C /* PullUpHeaderView.swift */; };
		9B052B5727E4B7EB0003953C /* PullUpButtonsView.swift in Sources */ = {isa = PBXBuildFile; fileRef = 9B052B5627E4B7EB0003953C /* PullUpButtonsView.swift */; };
		9B052B5927E5D8950003953C /* PullUpViewModel.swift in Sources */ = {isa = PBXBuildFile; fileRef = 9B052B5827E5D8950003953C /* PullUpViewModel.swift */; };
		9B052B5B27E5DBC50003953C /* PullUpSet.swift in Sources */ = {isa = PBXBuildFile; fileRef = 9B052B5A27E5DBC50003953C /* PullUpSet.swift */; };
		9B18AED228084ED900356EFD /* AlertView.swift in Sources */ = {isa = PBXBuildFile; fileRef = 9B18AED128084ED900356EFD /* AlertView.swift */; };
		9B18AED5280C12B600356EFD /* ChartView.swift in Sources */ = {isa = PBXBuildFile; fileRef = 9B18AED4280C12B600356EFD /* ChartView.swift */; };
		9B18AED7280C171300356EFD /* AlertButtonsView.swift in Sources */ = {isa = PBXBuildFile; fileRef = 9B18AED6280C171200356EFD /* AlertButtonsView.swift */; };
		9B1BB43E283666A10077B855 /* SettingView.swift in Sources */ = {isa = PBXBuildFile; fileRef = 9B1BB43D283666A10077B855 /* SettingView.swift */; };
		9B1BB44028376C7E0077B855 /* SettingInfomationView.swift in Sources */ = {isa = PBXBuildFile; fileRef = 9B1BB43F28376C7E0077B855 /* SettingInfomationView.swift */; };
		9B32C030281AC3EE00A99744 /* AlertListView.swift in Sources */ = {isa = PBXBuildFile; fileRef = 9B32C02F281AC3EE00A99744 /* AlertListView.swift */; };
		9B3DB1FC2824E2F8005E4C4F /* AlertDayView.swift in Sources */ = {isa = PBXBuildFile; fileRef = 9B3DB1FB2824E2F8005E4C4F /* AlertDayView.swift */; };
		9B42934627F1FD2300AD8B51 /* GoogleService-Info.plist in Resources */ = {isa = PBXBuildFile; fileRef = 9B42934527F1FD2300AD8B51 /* GoogleService-Info.plist */; };
		9B42934827F2D40500AD8B51 /* Extensions.swift in Sources */ = {isa = PBXBuildFile; fileRef = 9B42934727F2D40500AD8B51 /* Extensions.swift */; };
		9B42934A27F2F03700AD8B51 /* Result.swift in Sources */ = {isa = PBXBuildFile; fileRef = 9B42934927F2F03700AD8B51 /* Result.swift */; };
		9B54ED2F27EC45CA0031FDD7 /* FirebaseAnalytics in Frameworks */ = {isa = PBXBuildFile; productRef = 9B54ED2E27EC45CA0031FDD7 /* FirebaseAnalytics */; };
		9B54ED3127EC45CA0031FDD7 /* FirebaseAnalyticsSwift-Beta in Frameworks */ = {isa = PBXBuildFile; productRef = 9B54ED3027EC45CA0031FDD7 /* FirebaseAnalyticsSwift-Beta */; };
		9B54ED3327EC45CA0031FDD7 /* FirebaseAuth in Frameworks */ = {isa = PBXBuildFile; productRef = 9B54ED3227EC45CA0031FDD7 /* FirebaseAuth */; };
		9B54ED3527EC45CA0031FDD7 /* FirebaseAuthCombine-Community in Frameworks */ = {isa = PBXBuildFile; productRef = 9B54ED3427EC45CA0031FDD7 /* FirebaseAuthCombine-Community */; };
		9B54ED3727EC45CA0031FDD7 /* FirebaseCrashlytics in Frameworks */ = {isa = PBXBuildFile; productRef = 9B54ED3627EC45CA0031FDD7 /* FirebaseCrashlytics */; };
		9B54ED3927EC45CA0031FDD7 /* FirebaseDatabase in Frameworks */ = {isa = PBXBuildFile; productRef = 9B54ED3827EC45CA0031FDD7 /* FirebaseDatabase */; };
		9B54ED3B27EC45CA0031FDD7 /* FirebaseDatabaseSwift-Beta in Frameworks */ = {isa = PBXBuildFile; productRef = 9B54ED3A27EC45CA0031FDD7 /* FirebaseDatabaseSwift-Beta */; };
		9B54ED3D27EC45CA0031FDD7 /* FirebaseFirestore in Frameworks */ = {isa = PBXBuildFile; productRef = 9B54ED3C27EC45CA0031FDD7 /* FirebaseFirestore */; };
		9B54ED3F27EC45CA0031FDD7 /* FirebaseFirestoreCombine-Community in Frameworks */ = {isa = PBXBuildFile; productRef = 9B54ED3E27EC45CA0031FDD7 /* FirebaseFirestoreCombine-Community */; };
		9B54ED4127EC45CA0031FDD7 /* FirebaseFirestoreSwift-Beta in Frameworks */ = {isa = PBXBuildFile; productRef = 9B54ED4027EC45CA0031FDD7 /* FirebaseFirestoreSwift-Beta */; };
		9B54ED4327EC45CA0031FDD7 /* FirebasePerformance in Frameworks */ = {isa = PBXBuildFile; productRef = 9B54ED4227EC45CA0031FDD7 /* FirebasePerformance */; };
		9B54ED4527EC45CA0031FDD7 /* FirebaseStorage in Frameworks */ = {isa = PBXBuildFile; productRef = 9B54ED4427EC45CA0031FDD7 /* FirebaseStorage */; };
		9B54ED4C27EC51F00031FDD7 /* UserViewModel.swift in Sources */ = {isa = PBXBuildFile; fileRef = 9B54ED4B27EC51F00031FDD7 /* UserViewModel.swift */; };
		9B738B7A283CF2D00008E91D /* OnboardingTabView.swift in Sources */ = {isa = PBXBuildFile; fileRef = 9B738B79283CF2D00008E91D /* OnboardingTabView.swift */; };
		9B738B7D283D04200008E91D /* OnboardingLastPageview.swift in Sources */ = {isa = PBXBuildFile; fileRef = 9B738B7C283D04200008E91D /* OnboardingLastPageview.swift */; };
		9B738B7F283D049B0008E91D /* OnboardingPageView.swift in Sources */ = {isa = PBXBuildFile; fileRef = 9B738B7E283D049A0008E91D /* OnboardingPageView.swift */; };
		9B99D23E27CDE674009F4D31 /* pull_up_manApp.swift in Sources */ = {isa = PBXBuildFile; fileRef = 9B99D23D27CDE674009F4D31 /* pull_up_manApp.swift */; };
		9B99D24027CDE674009F4D31 /* ContentView.swift in Sources */ = {isa = PBXBuildFile; fileRef = 9B99D23F27CDE674009F4D31 /* ContentView.swift */; };
		9B99D24227CDE674009F4D31 /* Assets.xcassets in Resources */ = {isa = PBXBuildFile; fileRef = 9B99D24127CDE674009F4D31 /* Assets.xcassets */; };
		9B99D24527CDE674009F4D31 /* Preview Assets.xcassets in Resources */ = {isa = PBXBuildFile; fileRef = 9B99D24427CDE674009F4D31 /* Preview Assets.xcassets */; };
		9B99D24727CDE674009F4D31 /* Persistence.swift in Sources */ = {isa = PBXBuildFile; fileRef = 9B99D24627CDE674009F4D31 /* Persistence.swift */; };
		9B99D24A27CDE674009F4D31 /* pull_up_man.xcdatamodeld in Sources */ = {isa = PBXBuildFile; fileRef = 9B99D24827CDE674009F4D31 /* pull_up_man.xcdatamodeld */; };
		9B99D25427CDE7C1009F4D31 /* MainView.swift in Sources */ = {isa = PBXBuildFile; fileRef = 9B99D25327CDE7C1009F4D31 /* MainView.swift */; };
		9B99D25927CDF326009F4D31 /* Localizable.strings in Resources */ = {isa = PBXBuildFile; fileRef = 9B99D25B27CDF326009F4D31 /* Localizable.strings */; };
		9B99D26327CDF644009F4D31 /* WorkOutView.swift in Sources */ = {isa = PBXBuildFile; fileRef = 9B99D26227CDF644009F4D31 /* WorkOutView.swift */; };
		9B99D26527CE0335009F4D31 /* WorkOutListView.swift in Sources */ = {isa = PBXBuildFile; fileRef = 9B99D26427CE0335009F4D31 /* WorkOutListView.swift */; };
		9B99D26727D0740D009F4D31 /* Exercise.swift in Sources */ = {isa = PBXBuildFile; fileRef = 9B99D26627D0740D009F4D31 /* Exercise.swift */; };
		9B99D26927D0D9DF009F4D31 /* PushUpView.swift in Sources */ = {isa = PBXBuildFile; fileRef = 9B99D26827D0D9DE009F4D31 /* PushUpView.swift */; };
		9B99D26B27D0DF6E009F4D31 /* PushUpViewModel.swift in Sources */ = {isa = PBXBuildFile; fileRef = 9B99D26A27D0DF6E009F4D31 /* PushUpViewModel.swift */; };
		9BB4727427E82993007CD4B4 /* NotificationViewModel.swift in Sources */ = {isa = PBXBuildFile; fileRef = 9BB4727327E82993007CD4B4 /* NotificationViewModel.swift */; };
		9BB4727727E9E980007CD4B4 /* PullUpResultView.swift in Sources */ = {isa = PBXBuildFile; fileRef = 9BB4727627E9E980007CD4B4 /* PullUpResultView.swift */; };
		9BB75EC727DB50C8007D7CFE /* PushUpStopButton.swift in Sources */ = {isa = PBXBuildFile; fileRef = 9BB75EC627DB50C8007D7CFE /* PushUpStopButton.swift */; };
		9BB75EC927DB8024007D7CFE /* PushUpSet.swift in Sources */ = {isa = PBXBuildFile; fileRef = 9BB75EC827DB8024007D7CFE /* PushUpSet.swift */; };
		9BBA8E33283E179200FDE1F7 /* OnboardingTabPageView.swift in Sources */ = {isa = PBXBuildFile; fileRef = 9BBA8E32283E179200FDE1F7 /* OnboardingTabPageView.swift */; };
		9BCEB28F27D4FE23008FDAA1 /* PushUpHeaderView.swift in Sources */ = {isa = PBXBuildFile; fileRef = 9BCEB28E27D4FE23008FDAA1 /* PushUpHeaderView.swift */; };
		9BCEB29727D6EDB8008FDAA1 /* InfoPlist.strings in Resources */ = {isa = PBXBuildFile; fileRef = 9BCEB29627D6EDB8008FDAA1 /* InfoPlist.strings */; };
		9BF40F4227EC5D9D00B5B30A /* FirstView.swift in Sources */ = {isa = PBXBuildFile; fileRef = 9BF40F4127EC5D9D00B5B30A /* FirstView.swift */; };
/* End PBXBuildFile section */

/* Begin PBXFileReference section */
		9B0266B4283CBCF4008DBB9E /* SettingGeneralView.swift */ = {isa = PBXFileReference; lastKnownFileType = sourcecode.swift; path = SettingGeneralView.swift; sourceTree = "<group>"; };
		9B052B4F27E21A930003953C /* PushUpResultView.swift */ = {isa = PBXFileReference; lastKnownFileType = sourcecode.swift; path = PushUpResultView.swift; sourceTree = "<group>"; };
		9B052B5227E323460003953C /* PullUpView.swift */ = {isa = PBXFileReference; lastKnownFileType = sourcecode.swift; path = PullUpView.swift; sourceTree = "<group>"; };
		9B052B5427E4967C0003953C /* PullUpHeaderView.swift */ = {isa = PBXFileReference; lastKnownFileType = sourcecode.swift; path = PullUpHeaderView.swift; sourceTree = "<group>"; };
		9B052B5627E4B7EB0003953C /* PullUpButtonsView.swift */ = {isa = PBXFileReference; lastKnownFileType = sourcecode.swift; path = PullUpButtonsView.swift; sourceTree = "<group>"; };
		9B052B5827E5D8950003953C /* PullUpViewModel.swift */ = {isa = PBXFileReference; lastKnownFileType = sourcecode.swift; path = PullUpViewModel.swift; sourceTree = "<group>"; };
		9B052B5A27E5DBC50003953C /* PullUpSet.swift */ = {isa = PBXFileReference; lastKnownFileType = sourcecode.swift; path = PullUpSet.swift; sourceTree = "<group>"; };
		9B18AED128084ED900356EFD /* AlertView.swift */ = {isa = PBXFileReference; lastKnownFileType = sourcecode.swift; path = AlertView.swift; sourceTree = "<group>"; };
		9B18AED4280C12B600356EFD /* ChartView.swift */ = {isa = PBXFileReference; lastKnownFileType = sourcecode.swift; path = ChartView.swift; sourceTree = "<group>"; };
		9B18AED6280C171200356EFD /* AlertButtonsView.swift */ = {isa = PBXFileReference; lastKnownFileType = sourcecode.swift; path = AlertButtonsView.swift; sourceTree = "<group>"; };
		9B1BB43D283666A10077B855 /* SettingView.swift */ = {isa = PBXFileReference; lastKnownFileType = sourcecode.swift; path = SettingView.swift; sourceTree = "<group>"; };
		9B1BB43F28376C7E0077B855 /* SettingInfomationView.swift */ = {isa = PBXFileReference; lastKnownFileType = sourcecode.swift; path = SettingInfomationView.swift; sourceTree = "<group>"; };
		9B32C02F281AC3EE00A99744 /* AlertListView.swift */ = {isa = PBXFileReference; lastKnownFileType = sourcecode.swift; path = AlertListView.swift; sourceTree = "<group>"; };
		9B3DB1FB2824E2F8005E4C4F /* AlertDayView.swift */ = {isa = PBXFileReference; lastKnownFileType = sourcecode.swift; path = AlertDayView.swift; sourceTree = "<group>"; };
		9B42934527F1FD2300AD8B51 /* GoogleService-Info.plist */ = {isa = PBXFileReference; fileEncoding = 4; lastKnownFileType = text.plist.xml; path = "GoogleService-Info.plist"; sourceTree = "<group>"; };
		9B42934727F2D40500AD8B51 /* Extensions.swift */ = {isa = PBXFileReference; lastKnownFileType = sourcecode.swift; path = Extensions.swift; sourceTree = "<group>"; };
		9B42934927F2F03700AD8B51 /* Result.swift */ = {isa = PBXFileReference; lastKnownFileType = sourcecode.swift; path = Result.swift; sourceTree = "<group>"; };
		9B4450BE284EA28500AFFD28 /* pull-up-man.entitlements */ = {isa = PBXFileReference; lastKnownFileType = text.plist.entitlements; path = "pull-up-man.entitlements"; sourceTree = "<group>"; };
		9B54ED4B27EC51F00031FDD7 /* UserViewModel.swift */ = {isa = PBXFileReference; lastKnownFileType = sourcecode.swift; path = UserViewModel.swift; sourceTree = "<group>"; };
		9B738B79283CF2D00008E91D /* OnboardingTabView.swift */ = {isa = PBXFileReference; lastKnownFileType = sourcecode.swift; path = OnboardingTabView.swift; sourceTree = "<group>"; };
		9B738B7C283D04200008E91D /* OnboardingLastPageview.swift */ = {isa = PBXFileReference; lastKnownFileType = sourcecode.swift; path = OnboardingLastPageview.swift; sourceTree = "<group>"; };
		9B738B7E283D049A0008E91D /* OnboardingPageView.swift */ = {isa = PBXFileReference; lastKnownFileType = sourcecode.swift; path = OnboardingPageView.swift; sourceTree = "<group>"; };
		9B99D23A27CDE674009F4D31 /* pull-up-man.app */ = {isa = PBXFileReference; explicitFileType = wrapper.application; includeInIndex = 0; path = "pull-up-man.app"; sourceTree = BUILT_PRODUCTS_DIR; };
		9B99D23D27CDE674009F4D31 /* pull_up_manApp.swift */ = {isa = PBXFileReference; lastKnownFileType = sourcecode.swift; path = pull_up_manApp.swift; sourceTree = "<group>"; };
		9B99D23F27CDE674009F4D31 /* ContentView.swift */ = {isa = PBXFileReference; lastKnownFileType = sourcecode.swift; path = ContentView.swift; sourceTree = "<group>"; };
		9B99D24127CDE674009F4D31 /* Assets.xcassets */ = {isa = PBXFileReference; lastKnownFileType = folder.assetcatalog; path = Assets.xcassets; sourceTree = "<group>"; };
		9B99D24427CDE674009F4D31 /* Preview Assets.xcassets */ = {isa = PBXFileReference; lastKnownFileType = folder.assetcatalog; path = "Preview Assets.xcassets"; sourceTree = "<group>"; };
		9B99D24627CDE674009F4D31 /* Persistence.swift */ = {isa = PBXFileReference; lastKnownFileType = sourcecode.swift; path = Persistence.swift; sourceTree = "<group>"; };
		9B99D24927CDE674009F4D31 /* pull_up_man.xcdatamodel */ = {isa = PBXFileReference; lastKnownFileType = wrapper.xcdatamodel; path = pull_up_man.xcdatamodel; sourceTree = "<group>"; };
		9B99D25327CDE7C1009F4D31 /* MainView.swift */ = {isa = PBXFileReference; lastKnownFileType = sourcecode.swift; path = MainView.swift; sourceTree = "<group>"; };
		9B99D25A27CDF326009F4D31 /* en */ = {isa = PBXFileReference; lastKnownFileType = text.plist.strings; name = en; path = en.lproj/Localizable.strings; sourceTree = "<group>"; };
		9B99D26227CDF644009F4D31 /* WorkOutView.swift */ = {isa = PBXFileReference; lastKnownFileType = sourcecode.swift; path = WorkOutView.swift; sourceTree = "<group>"; };
		9B99D26427CE0335009F4D31 /* WorkOutListView.swift */ = {isa = PBXFileReference; lastKnownFileType = sourcecode.swift; path = WorkOutListView.swift; sourceTree = "<group>"; };
		9B99D26627D0740D009F4D31 /* Exercise.swift */ = {isa = PBXFileReference; lastKnownFileType = sourcecode.swift; path = Exercise.swift; sourceTree = "<group>"; };
		9B99D26827D0D9DE009F4D31 /* PushUpView.swift */ = {isa = PBXFileReference; lastKnownFileType = sourcecode.swift; path = PushUpView.swift; sourceTree = "<group>"; };
		9B99D26A27D0DF6E009F4D31 /* PushUpViewModel.swift */ = {isa = PBXFileReference; lastKnownFileType = sourcecode.swift; path = PushUpViewModel.swift; sourceTree = "<group>"; };
		9BB4727327E82993007CD4B4 /* NotificationViewModel.swift */ = {isa = PBXFileReference; lastKnownFileType = sourcecode.swift; path = NotificationViewModel.swift; sourceTree = "<group>"; };
		9BB4727527E8309A007CD4B4 /* Info.plist */ = {isa = PBXFileReference; lastKnownFileType = text.plist; path = Info.plist; sourceTree = "<group>"; };
		9BB4727627E9E980007CD4B4 /* PullUpResultView.swift */ = {isa = PBXFileReference; lastKnownFileType = sourcecode.swift; path = PullUpResultView.swift; sourceTree = "<group>"; };
		9BB75EC627DB50C8007D7CFE /* PushUpStopButton.swift */ = {isa = PBXFileReference; lastKnownFileType = sourcecode.swift; path = PushUpStopButton.swift; sourceTree = "<group>"; };
		9BB75EC827DB8024007D7CFE /* PushUpSet.swift */ = {isa = PBXFileReference; lastKnownFileType = sourcecode.swift; path = PushUpSet.swift; sourceTree = "<group>"; };
		9BBA8E32283E179200FDE1F7 /* OnboardingTabPageView.swift */ = {isa = PBXFileReference; lastKnownFileType = sourcecode.swift; path = OnboardingTabPageView.swift; sourceTree = "<group>"; };
		9BCEB28E27D4FE23008FDAA1 /* PushUpHeaderView.swift */ = {isa = PBXFileReference; lastKnownFileType = sourcecode.swift; path = PushUpHeaderView.swift; sourceTree = "<group>"; };
		9BCEB29127D5D2DB008FDAA1 /* ko */ = {isa = PBXFileReference; lastKnownFileType = text.plist.strings; name = ko; path = ko.lproj/Localizable.strings; sourceTree = "<group>"; };
		9BCEB29627D6EDB8008FDAA1 /* InfoPlist.strings */ = {isa = PBXFileReference; lastKnownFileType = text.plist.strings; path = InfoPlist.strings; sourceTree = "<group>"; };
		9BF40F4127EC5D9D00B5B30A /* FirstView.swift */ = {isa = PBXFileReference; lastKnownFileType = sourcecode.swift; path = FirstView.swift; sourceTree = "<group>"; };
/* End PBXFileReference section */

/* Begin PBXFrameworksBuildPhase section */
		9B99D23727CDE674009F4D31 /* Frameworks */ = {
			isa = PBXFrameworksBuildPhase;
			buildActionMask = 2147483647;
			files = (
				9B54ED4327EC45CA0031FDD7 /* FirebasePerformance in Frameworks */,
				9B54ED3927EC45CA0031FDD7 /* FirebaseDatabase in Frameworks */,
				9B54ED3127EC45CA0031FDD7 /* FirebaseAnalyticsSwift-Beta in Frameworks */,
				9B54ED3327EC45CA0031FDD7 /* FirebaseAuth in Frameworks */,
				9B54ED3F27EC45CA0031FDD7 /* FirebaseFirestoreCombine-Community in Frameworks */,
				9B54ED4527EC45CA0031FDD7 /* FirebaseStorage in Frameworks */,
				9B54ED3727EC45CA0031FDD7 /* FirebaseCrashlytics in Frameworks */,
				9B54ED2F27EC45CA0031FDD7 /* FirebaseAnalytics in Frameworks */,
				9B54ED3D27EC45CA0031FDD7 /* FirebaseFirestore in Frameworks */,
				9B54ED4127EC45CA0031FDD7 /* FirebaseFirestoreSwift-Beta in Frameworks */,
				9B54ED3B27EC45CA0031FDD7 /* FirebaseDatabaseSwift-Beta in Frameworks */,
				9B54ED3527EC45CA0031FDD7 /* FirebaseAuthCombine-Community in Frameworks */,
			);
			runOnlyForDeploymentPostprocessing = 0;
		};
/* End PBXFrameworksBuildPhase section */

/* Begin PBXGroup section */
		9B052B5127E323190003953C /* PullUp */ = {
			isa = PBXGroup;
			children = (
				9B052B5227E323460003953C /* PullUpView.swift */,
				9B052B5627E4B7EB0003953C /* PullUpButtonsView.swift */,
				9B052B5427E4967C0003953C /* PullUpHeaderView.swift */,
				9BB4727627E9E980007CD4B4 /* PullUpResultView.swift */,
			);
			path = PullUp;
			sourceTree = "<group>";
		};
		9B18AED028084E9C00356EFD /* Alert */ = {
			isa = PBXGroup;
			children = (
				9B18AED128084ED900356EFD /* AlertView.swift */,
				9B18AED6280C171200356EFD /* AlertButtonsView.swift */,
				9B32C02F281AC3EE00A99744 /* AlertListView.swift */,
				9B3DB1FB2824E2F8005E4C4F /* AlertDayView.swift */,
			);
			path = Alert;
			sourceTree = "<group>";
		};
		9B18AED3280C129000356EFD /* Chart */ = {
			isa = PBXGroup;
			children = (
				9B18AED4280C12B600356EFD /* ChartView.swift */,
			);
			path = Chart;
			sourceTree = "<group>";
		};
		9B1BB43C2836666B0077B855 /* Setting */ = {
			isa = PBXGroup;
			children = (
				9B1BB43D283666A10077B855 /* SettingView.swift */,
				9B1BB43F28376C7E0077B855 /* SettingInfomationView.swift */,
				9B0266B4283CBCF4008DBB9E /* SettingGeneralView.swift */,
			);
			path = Setting;
			sourceTree = "<group>";
		};
		9B738B7B283CF2DE0008E91D /* Onboarding */ = {
			isa = PBXGroup;
			children = (
				9B738B79283CF2D00008E91D /* OnboardingTabView.swift */,
				9B738B7C283D04200008E91D /* OnboardingLastPageview.swift */,
				9B738B7E283D049A0008E91D /* OnboardingPageView.swift */,
				9BBA8E32283E179200FDE1F7 /* OnboardingTabPageView.swift */,
			);
			path = Onboarding;
			sourceTree = "<group>";
		};
		9B99D23127CDE674009F4D31 = {
			isa = PBXGroup;
			children = (
				9BCEB29627D6EDB8008FDAA1 /* InfoPlist.strings */,
				9B99D25B27CDF326009F4D31 /* Localizable.strings */,
				9B99D23C27CDE674009F4D31 /* pull-up-man */,
				9B99D23B27CDE674009F4D31 /* Products */,
			);
			sourceTree = "<group>";
		};
		9B99D23B27CDE674009F4D31 /* Products */ = {
			isa = PBXGroup;
			children = (
				9B99D23A27CDE674009F4D31 /* pull-up-man.app */,
			);
			name = Products;
			sourceTree = "<group>";
		};
		9B99D23C27CDE674009F4D31 /* pull-up-man */ = {
			isa = PBXGroup;
			children = (
				9B4450BE284EA28500AFFD28 /* pull-up-man.entitlements */,
				9BB4727527E8309A007CD4B4 /* Info.plist */,
				9B42934527F1FD2300AD8B51 /* GoogleService-Info.plist */,
				9B99D23D27CDE674009F4D31 /* pull_up_manApp.swift */,
				9B99D25027CDE682009F4D31 /* Model */,
				9B99D25127CDE691009F4D31 /* View */,
				9B99D25227CDE696009F4D31 /* ViewModel */,
				9B99D24627CDE674009F4D31 /* Persistence.swift */,
				9B99D23F27CDE674009F4D31 /* ContentView.swift */,
				9B99D24127CDE674009F4D31 /* Assets.xcassets */,
				9B99D24827CDE674009F4D31 /* pull_up_man.xcdatamodeld */,
				9B99D24327CDE674009F4D31 /* Preview Content */,
				9B42934727F2D40500AD8B51 /* Extensions.swift */,
			);
			path = "pull-up-man";
			sourceTree = "<group>";
		};
		9B99D24327CDE674009F4D31 /* Preview Content */ = {
			isa = PBXGroup;
			children = (
				9B99D24427CDE674009F4D31 /* Preview Assets.xcassets */,
			);
			path = "Preview Content";
			sourceTree = "<group>";
		};
		9B99D25027CDE682009F4D31 /* Model */ = {
			isa = PBXGroup;
			children = (
				9B99D26627D0740D009F4D31 /* Exercise.swift */,
				9BB75EC827DB8024007D7CFE /* PushUpSet.swift */,
				9B052B5A27E5DBC50003953C /* PullUpSet.swift */,
				9B42934927F2F03700AD8B51 /* Result.swift */,
			);
			path = Model;
			sourceTree = "<group>";
		};
		9B99D25127CDE691009F4D31 /* View */ = {
			isa = PBXGroup;
			children = (
				9B18AED3280C129000356EFD /* Chart */,
				9B18AED028084E9C00356EFD /* Alert */,
				9B052B5127E323190003953C /* PullUp */,
				9B99D25327CDE7C1009F4D31 /* MainView.swift */,
				9B738B7B283CF2DE0008E91D /* Onboarding */,
				9BB75EC527DB5082007D7CFE /* WorkOut */,
				9BB75EC427DB5074007D7CFE /* PushUp */,
				9B1BB43C2836666B0077B855 /* Setting */,
				9BF40F4127EC5D9D00B5B30A /* FirstView.swift */,
			);
			path = View;
			sourceTree = "<group>";
		};
		9B99D25227CDE696009F4D31 /* ViewModel */ = {
			isa = PBXGroup;
			children = (
				9B99D26A27D0DF6E009F4D31 /* PushUpViewModel.swift */,
				9B052B5827E5D8950003953C /* PullUpViewModel.swift */,
				9BB4727327E82993007CD4B4 /* NotificationViewModel.swift */,
				9B54ED4B27EC51F00031FDD7 /* UserViewModel.swift */,
			);
			path = ViewModel;
			sourceTree = "<group>";
		};
		9BB75EC427DB5074007D7CFE /* PushUp */ = {
			isa = PBXGroup;
			children = (
				9B99D26827D0D9DE009F4D31 /* PushUpView.swift */,
				9BCEB28E27D4FE23008FDAA1 /* PushUpHeaderView.swift */,
				9BB75EC627DB50C8007D7CFE /* PushUpStopButton.swift */,
				9B052B4F27E21A930003953C /* PushUpResultView.swift */,
			);
			path = PushUp;
			sourceTree = "<group>";
		};
		9BB75EC527DB5082007D7CFE /* WorkOut */ = {
			isa = PBXGroup;
			children = (
				9B99D26227CDF644009F4D31 /* WorkOutView.swift */,
				9B99D26427CE0335009F4D31 /* WorkOutListView.swift */,
			);
			path = WorkOut;
			sourceTree = "<group>";
		};
/* End PBXGroup section */

/* Begin PBXNativeTarget section */
		9B99D23927CDE674009F4D31 /* pull-up-man */ = {
			isa = PBXNativeTarget;
			buildConfigurationList = 9B99D24D27CDE674009F4D31 /* Build configuration list for PBXNativeTarget "pull-up-man" */;
			buildPhases = (
				9B99D23627CDE674009F4D31 /* Sources */,
				9B99D23727CDE674009F4D31 /* Frameworks */,
				9B99D23827CDE674009F4D31 /* Resources */,
			);
			buildRules = (
			);
			dependencies = (
			);
			name = "pull-up-man";
			packageProductDependencies = (
				9B54ED2E27EC45CA0031FDD7 /* FirebaseAnalytics */,
				9B54ED3027EC45CA0031FDD7 /* FirebaseAnalyticsSwift-Beta */,
				9B54ED3227EC45CA0031FDD7 /* FirebaseAuth */,
				9B54ED3427EC45CA0031FDD7 /* FirebaseAuthCombine-Community */,
				9B54ED3627EC45CA0031FDD7 /* FirebaseCrashlytics */,
				9B54ED3827EC45CA0031FDD7 /* FirebaseDatabase */,
				9B54ED3A27EC45CA0031FDD7 /* FirebaseDatabaseSwift-Beta */,
				9B54ED3C27EC45CA0031FDD7 /* FirebaseFirestore */,
				9B54ED3E27EC45CA0031FDD7 /* FirebaseFirestoreCombine-Community */,
				9B54ED4027EC45CA0031FDD7 /* FirebaseFirestoreSwift-Beta */,
				9B54ED4227EC45CA0031FDD7 /* FirebasePerformance */,
				9B54ED4427EC45CA0031FDD7 /* FirebaseStorage */,
			);
			productName = "pull-up-man";
			productReference = 9B99D23A27CDE674009F4D31 /* pull-up-man.app */;
			productType = "com.apple.product-type.application";
		};
/* End PBXNativeTarget section */

/* Begin PBXProject section */
		9B99D23227CDE674009F4D31 /* Project object */ = {
			isa = PBXProject;
			attributes = {
				BuildIndependentTargetsInParallel = 1;
				LastSwiftUpdateCheck = 1320;
				LastUpgradeCheck = 1320;
				TargetAttributes = {
					9B99D23927CDE674009F4D31 = {
						CreatedOnToolsVersion = 13.2.1;
					};
				};
			};
			buildConfigurationList = 9B99D23527CDE674009F4D31 /* Build configuration list for PBXProject "pull-up-man" */;
			compatibilityVersion = "Xcode 13.0";
			developmentRegion = en;
			hasScannedForEncodings = 0;
			knownRegions = (
				en,
				Base,
				ko,
			);
			mainGroup = 9B99D23127CDE674009F4D31;
			packageReferences = (
				9B54ED2D27EC45CA0031FDD7 /* XCRemoteSwiftPackageReference "firebase-ios-sdk" */,
			);
			productRefGroup = 9B99D23B27CDE674009F4D31 /* Products */;
			projectDirPath = "";
			projectRoot = "";
			targets = (
				9B99D23927CDE674009F4D31 /* pull-up-man */,
			);
		};
/* End PBXProject section */

/* Begin PBXResourcesBuildPhase section */
		9B99D23827CDE674009F4D31 /* Resources */ = {
			isa = PBXResourcesBuildPhase;
			buildActionMask = 2147483647;
			files = (
				9B99D24527CDE674009F4D31 /* Preview Assets.xcassets in Resources */,
				9BCEB29727D6EDB8008FDAA1 /* InfoPlist.strings in Resources */,
				9B42934627F1FD2300AD8B51 /* GoogleService-Info.plist in Resources */,
				9B99D25927CDF326009F4D31 /* Localizable.strings in Resources */,
				9B99D24227CDE674009F4D31 /* Assets.xcassets in Resources */,
			);
			runOnlyForDeploymentPostprocessing = 0;
		};
/* End PBXResourcesBuildPhase section */

/* Begin PBXSourcesBuildPhase section */
		9B99D23627CDE674009F4D31 /* Sources */ = {
			isa = PBXSourcesBuildPhase;
			buildActionMask = 2147483647;
			files = (
				9B052B5B27E5DBC50003953C /* PullUpSet.swift in Sources */,
				9B052B5927E5D8950003953C /* PullUpViewModel.swift in Sources */,
				9BBA8E33283E179200FDE1F7 /* OnboardingTabPageView.swift in Sources */,
				9B18AED228084ED900356EFD /* AlertView.swift in Sources */,
				9B1BB44028376C7E0077B855 /* SettingInfomationView.swift in Sources */,
				9B18AED5280C12B600356EFD /* ChartView.swift in Sources */,
				9B99D24A27CDE674009F4D31 /* pull_up_man.xcdatamodeld in Sources */,
				9B738B7F283D049B0008E91D /* OnboardingPageView.swift in Sources */,
				9B1BB43E283666A10077B855 /* SettingView.swift in Sources */,
				9BB75EC927DB8024007D7CFE /* PushUpSet.swift in Sources */,
				9B052B5027E21A930003953C /* PushUpResultView.swift in Sources */,
				9B99D26B27D0DF6E009F4D31 /* PushUpViewModel.swift in Sources */,
				9BB4727427E82993007CD4B4 /* NotificationViewModel.swift in Sources */,
				9BCEB28F27D4FE23008FDAA1 /* PushUpHeaderView.swift in Sources */,
				9B738B7D283D04200008E91D /* OnboardingLastPageview.swift in Sources */,
				9B3DB1FC2824E2F8005E4C4F /* AlertDayView.swift in Sources */,
				9B99D26527CE0335009F4D31 /* WorkOutListView.swift in Sources */,
				9B54ED4C27EC51F00031FDD7 /* UserViewModel.swift in Sources */,
				9B99D24727CDE674009F4D31 /* Persistence.swift in Sources */,
				9B052B5327E323460003953C /* PullUpView.swift in Sources */,
				9BF40F4227EC5D9D00B5B30A /* FirstView.swift in Sources */,
				9B42934A27F2F03700AD8B51 /* Result.swift in Sources */,
				9B738B7A283CF2D00008E91D /* OnboardingTabView.swift in Sources */,
				9B99D26927D0D9DF009F4D31 /* PushUpView.swift in Sources */,
				9B99D26327CDF644009F4D31 /* WorkOutView.swift in Sources */,
				9B99D24027CDE674009F4D31 /* ContentView.swift in Sources */,
				9B99D25427CDE7C1009F4D31 /* MainView.swift in Sources */,
				9B32C030281AC3EE00A99744 /* AlertListView.swift in Sources */,
				9BB75EC727DB50C8007D7CFE /* PushUpStopButton.swift in Sources */,
				9B99D23E27CDE674009F4D31 /* pull_up_manApp.swift in Sources */,
				9B42934827F2D40500AD8B51 /* Extensions.swift in Sources */,
				9B052B5527E4967C0003953C /* PullUpHeaderView.swift in Sources */,
				9B0266B5283CBCF4008DBB9E /* SettingGeneralView.swift in Sources */,
				9BB4727727E9E980007CD4B4 /* PullUpResultView.swift in Sources */,
				9B052B5727E4B7EB0003953C /* PullUpButtonsView.swift in Sources */,
				9B18AED7280C171300356EFD /* AlertButtonsView.swift in Sources */,
				9B99D26727D0740D009F4D31 /* Exercise.swift in Sources */,
			);
			runOnlyForDeploymentPostprocessing = 0;
		};
/* End PBXSourcesBuildPhase section */

/* Begin PBXVariantGroup section */
		9B99D25B27CDF326009F4D31 /* Localizable.strings */ = {
			isa = PBXVariantGroup;
			children = (
				9B99D25A27CDF326009F4D31 /* en */,
				9BCEB29127D5D2DB008FDAA1 /* ko */,
			);
			name = Localizable.strings;
			sourceTree = "<group>";
		};
/* End PBXVariantGroup section */

/* Begin XCBuildConfiguration section */
		9B99D24B27CDE674009F4D31 /* Debug */ = {
			isa = XCBuildConfiguration;
			buildSettings = {
				ALWAYS_SEARCH_USER_PATHS = NO;
				CLANG_ANALYZER_LOCALIZABILITY_NONLOCALIZED = YES;
				CLANG_ANALYZER_NONNULL = YES;
				CLANG_ANALYZER_NUMBER_OBJECT_CONVERSION = YES_AGGRESSIVE;
				CLANG_CXX_LANGUAGE_STANDARD = "gnu++17";
				CLANG_CXX_LIBRARY = "libc++";
				CLANG_ENABLE_MODULES = YES;
				CLANG_ENABLE_OBJC_ARC = YES;
				CLANG_ENABLE_OBJC_WEAK = YES;
				CLANG_WARN_BLOCK_CAPTURE_AUTORELEASING = YES;
				CLANG_WARN_BOOL_CONVERSION = YES;
				CLANG_WARN_COMMA = YES;
				CLANG_WARN_CONSTANT_CONVERSION = YES;
				CLANG_WARN_DEPRECATED_OBJC_IMPLEMENTATIONS = YES;
				CLANG_WARN_DIRECT_OBJC_ISA_USAGE = YES_ERROR;
				CLANG_WARN_DOCUMENTATION_COMMENTS = YES;
				CLANG_WARN_EMPTY_BODY = YES;
				CLANG_WARN_ENUM_CONVERSION = YES;
				CLANG_WARN_INFINITE_RECURSION = YES;
				CLANG_WARN_INT_CONVERSION = YES;
				CLANG_WARN_NON_LITERAL_NULL_CONVERSION = YES;
				CLANG_WARN_OBJC_IMPLICIT_RETAIN_SELF = YES;
				CLANG_WARN_OBJC_LITERAL_CONVERSION = YES;
				CLANG_WARN_OBJC_ROOT_CLASS = YES_ERROR;
				CLANG_WARN_QUOTED_INCLUDE_IN_FRAMEWORK_HEADER = YES;
				CLANG_WARN_RANGE_LOOP_ANALYSIS = YES;
				CLANG_WARN_STRICT_PROTOTYPES = YES;
				CLANG_WARN_SUSPICIOUS_MOVE = YES;
				CLANG_WARN_UNGUARDED_AVAILABILITY = YES_AGGRESSIVE;
				CLANG_WARN_UNREACHABLE_CODE = YES;
				CLANG_WARN__DUPLICATE_METHOD_MATCH = YES;
				COPY_PHASE_STRIP = NO;
				DEBUG_INFORMATION_FORMAT = dwarf;
				ENABLE_STRICT_OBJC_MSGSEND = YES;
				ENABLE_TESTABILITY = YES;
				GCC_C_LANGUAGE_STANDARD = gnu11;
				GCC_DYNAMIC_NO_PIC = NO;
				GCC_NO_COMMON_BLOCKS = YES;
				GCC_OPTIMIZATION_LEVEL = 0;
				GCC_PREPROCESSOR_DEFINITIONS = (
					"DEBUG=1",
					"$(inherited)",
				);
				GCC_WARN_64_TO_32_BIT_CONVERSION = YES;
				GCC_WARN_ABOUT_RETURN_TYPE = YES_ERROR;
				GCC_WARN_UNDECLARED_SELECTOR = YES;
				GCC_WARN_UNINITIALIZED_AUTOS = YES_AGGRESSIVE;
				GCC_WARN_UNUSED_FUNCTION = YES;
				GCC_WARN_UNUSED_VARIABLE = YES;
				IPHONEOS_DEPLOYMENT_TARGET = 15.2;
				MTL_ENABLE_DEBUG_INFO = INCLUDE_SOURCE;
				MTL_FAST_MATH = YES;
				ONLY_ACTIVE_ARCH = YES;
				SDKROOT = iphoneos;
				SWIFT_ACTIVE_COMPILATION_CONDITIONS = DEBUG;
				SWIFT_OPTIMIZATION_LEVEL = "-Onone";
			};
			name = Debug;
		};
		9B99D24C27CDE674009F4D31 /* Release */ = {
			isa = XCBuildConfiguration;
			buildSettings = {
				ALWAYS_SEARCH_USER_PATHS = NO;
				CLANG_ANALYZER_LOCALIZABILITY_NONLOCALIZED = YES;
				CLANG_ANALYZER_NONNULL = YES;
				CLANG_ANALYZER_NUMBER_OBJECT_CONVERSION = YES_AGGRESSIVE;
				CLANG_CXX_LANGUAGE_STANDARD = "gnu++17";
				CLANG_CXX_LIBRARY = "libc++";
				CLANG_ENABLE_MODULES = YES;
				CLANG_ENABLE_OBJC_ARC = YES;
				CLANG_ENABLE_OBJC_WEAK = YES;
				CLANG_WARN_BLOCK_CAPTURE_AUTORELEASING = YES;
				CLANG_WARN_BOOL_CONVERSION = YES;
				CLANG_WARN_COMMA = YES;
				CLANG_WARN_CONSTANT_CONVERSION = YES;
				CLANG_WARN_DEPRECATED_OBJC_IMPLEMENTATIONS = YES;
				CLANG_WARN_DIRECT_OBJC_ISA_USAGE = YES_ERROR;
				CLANG_WARN_DOCUMENTATION_COMMENTS = YES;
				CLANG_WARN_EMPTY_BODY = YES;
				CLANG_WARN_ENUM_CONVERSION = YES;
				CLANG_WARN_INFINITE_RECURSION = YES;
				CLANG_WARN_INT_CONVERSION = YES;
				CLANG_WARN_NON_LITERAL_NULL_CONVERSION = YES;
				CLANG_WARN_OBJC_IMPLICIT_RETAIN_SELF = YES;
				CLANG_WARN_OBJC_LITERAL_CONVERSION = YES;
				CLANG_WARN_OBJC_ROOT_CLASS = YES_ERROR;
				CLANG_WARN_QUOTED_INCLUDE_IN_FRAMEWORK_HEADER = YES;
				CLANG_WARN_RANGE_LOOP_ANALYSIS = YES;
				CLANG_WARN_STRICT_PROTOTYPES = YES;
				CLANG_WARN_SUSPICIOUS_MOVE = YES;
				CLANG_WARN_UNGUARDED_AVAILABILITY = YES_AGGRESSIVE;
				CLANG_WARN_UNREACHABLE_CODE = YES;
				CLANG_WARN__DUPLICATE_METHOD_MATCH = YES;
				COPY_PHASE_STRIP = NO;
				DEBUG_INFORMATION_FORMAT = "dwarf-with-dsym";
				ENABLE_NS_ASSERTIONS = NO;
				ENABLE_STRICT_OBJC_MSGSEND = YES;
				GCC_C_LANGUAGE_STANDARD = gnu11;
				GCC_NO_COMMON_BLOCKS = YES;
				GCC_WARN_64_TO_32_BIT_CONVERSION = YES;
				GCC_WARN_ABOUT_RETURN_TYPE = YES_ERROR;
				GCC_WARN_UNDECLARED_SELECTOR = YES;
				GCC_WARN_UNINITIALIZED_AUTOS = YES_AGGRESSIVE;
				GCC_WARN_UNUSED_FUNCTION = YES;
				GCC_WARN_UNUSED_VARIABLE = YES;
				IPHONEOS_DEPLOYMENT_TARGET = 15.2;
				MTL_ENABLE_DEBUG_INFO = NO;
				MTL_FAST_MATH = YES;
				SDKROOT = iphoneos;
				SWIFT_COMPILATION_MODE = wholemodule;
				SWIFT_OPTIMIZATION_LEVEL = "-O";
				VALIDATE_PRODUCT = YES;
			};
			name = Release;
		};
		9B99D24E27CDE674009F4D31 /* Debug */ = {
			isa = XCBuildConfiguration;
			buildSettings = {
				ASSETCATALOG_COMPILER_APPICON_NAME = AppIcon;
				ASSETCATALOG_COMPILER_GLOBAL_ACCENT_COLOR_NAME = MyGreen;
				CODE_SIGN_ENTITLEMENTS = "pull-up-man/pull-up-man.entitlements";
				CODE_SIGN_STYLE = Automatic;
				CURRENT_PROJECT_VERSION = 1;
				DEVELOPMENT_ASSET_PATHS = "\"pull-up-man/Preview Content\"";
				DEVELOPMENT_TEAM = P25FRW9M7Q;
				ENABLE_PREVIEWS = YES;
				GENERATE_INFOPLIST_FILE = YES;
				INFOPLIST_FILE = "pull-up-man/Info.plist";
				INFOPLIST_KEY_UIApplicationSceneManifest_Generation = YES;
				INFOPLIST_KEY_UIApplicationSupportsIndirectInputEvents = YES;
				INFOPLIST_KEY_UILaunchScreen_Generation = YES;
				INFOPLIST_KEY_UISupportedInterfaceOrientations = UIInterfaceOrientationPortrait;
				INFOPLIST_KEY_UISupportedInterfaceOrientations_iPad = "UIInterfaceOrientationPortrait UIInterfaceOrientationPortraitUpsideDown UIInterfaceOrientationLandscapeLeft UIInterfaceOrientationLandscapeRight";
				INFOPLIST_KEY_UISupportedInterfaceOrientations_iPhone = "UIInterfaceOrientationPortrait UIInterfaceOrientationLandscapeLeft UIInterfaceOrientationLandscapeRight";
				LD_RUNPATH_SEARCH_PATHS = (
					"$(inherited)",
					"@executable_path/Frameworks",
				);
				MARKETING_VERSION = 1.0;
				PRODUCT_BUNDLE_IDENTIFIER = "com.yohwang.pull-up-man";
				PRODUCT_NAME = "$(TARGET_NAME)";
				SWIFT_EMIT_LOC_STRINGS = YES;
				SWIFT_VERSION = 5.0;
				TARGETED_DEVICE_FAMILY = 1;
			};
			name = Debug;
		};
		9B99D24F27CDE674009F4D31 /* Release */ = {
			isa = XCBuildConfiguration;
			buildSettings = {
				ASSETCATALOG_COMPILER_APPICON_NAME = AppIcon;
				ASSETCATALOG_COMPILER_GLOBAL_ACCENT_COLOR_NAME = MyGreen;
				CODE_SIGN_ENTITLEMENTS = "pull-up-man/pull-up-man.entitlements";
				CODE_SIGN_IDENTITY = "Apple Development";
				CODE_SIGN_STYLE = Automatic;
				CURRENT_PROJECT_VERSION = 1;
				DEVELOPMENT_ASSET_PATHS = "\"pull-up-man/Preview Content\"";
				DEVELOPMENT_TEAM = P25FRW9M7Q;
				ENABLE_PREVIEWS = YES;
				GENERATE_INFOPLIST_FILE = YES;
				INFOPLIST_FILE = "pull-up-man/Info.plist";
				INFOPLIST_KEY_UIApplicationSceneManifest_Generation = YES;
				INFOPLIST_KEY_UIApplicationSupportsIndirectInputEvents = YES;
				INFOPLIST_KEY_UILaunchScreen_Generation = YES;
				INFOPLIST_KEY_UISupportedInterfaceOrientations = UIInterfaceOrientationPortrait;
				INFOPLIST_KEY_UISupportedInterfaceOrientations_iPad = "UIInterfaceOrientationPortrait UIInterfaceOrientationPortraitUpsideDown UIInterfaceOrientationLandscapeLeft UIInterfaceOrientationLandscapeRight";
				INFOPLIST_KEY_UISupportedInterfaceOrientations_iPhone = "UIInterfaceOrientationPortrait UIInterfaceOrientationLandscapeLeft UIInterfaceOrientationLandscapeRight";
				LD_RUNPATH_SEARCH_PATHS = (
					"$(inherited)",
					"@executable_path/Frameworks",
				);
				MARKETING_VERSION = 1.0;
				PRODUCT_BUNDLE_IDENTIFIER = "com.yohwang.pull-up-man";
				PRODUCT_NAME = "$(TARGET_NAME)";
				PROVISIONING_PROFILE_SPECIFIER = "";
				SWIFT_EMIT_LOC_STRINGS = YES;
				SWIFT_VERSION = 5.0;
				TARGETED_DEVICE_FAMILY = 1;
			};
			name = Release;
		};
/* End XCBuildConfiguration section */

/* Begin XCConfigurationList section */
		9B99D23527CDE674009F4D31 /* Build configuration list for PBXProject "pull-up-man" */ = {
			isa = XCConfigurationList;
			buildConfigurations = (
				9B99D24B27CDE674009F4D31 /* Debug */,
				9B99D24C27CDE674009F4D31 /* Release */,
			);
			defaultConfigurationIsVisible = 0;
			defaultConfigurationName = Release;
		};
		9B99D24D27CDE674009F4D31 /* Build configuration list for PBXNativeTarget "pull-up-man" */ = {
			isa = XCConfigurationList;
			buildConfigurations = (
				9B99D24E27CDE674009F4D31 /* Debug */,
				9B99D24F27CDE674009F4D31 /* Release */,
			);
			defaultConfigurationIsVisible = 0;
			defaultConfigurationName = Release;
		};
/* End XCConfigurationList section */

/* Begin XCRemoteSwiftPackageReference section */
		9B54ED2D27EC45CA0031FDD7 /* XCRemoteSwiftPackageReference "firebase-ios-sdk" */ = {
			isa = XCRemoteSwiftPackageReference;
			repositoryURL = "https://github.com/firebase/firebase-ios-sdk";
			requirement = {
				branch = master;
				kind = branch;
			};
		};
/* End XCRemoteSwiftPackageReference section */

/* Begin XCSwiftPackageProductDependency section */
		9B54ED2E27EC45CA0031FDD7 /* FirebaseAnalytics */ = {
			isa = XCSwiftPackageProductDependency;
			package = 9B54ED2D27EC45CA0031FDD7 /* XCRemoteSwiftPackageReference "firebase-ios-sdk" */;
			productName = FirebaseAnalytics;
		};
		9B54ED3027EC45CA0031FDD7 /* FirebaseAnalyticsSwift-Beta */ = {
			isa = XCSwiftPackageProductDependency;
			package = 9B54ED2D27EC45CA0031FDD7 /* XCRemoteSwiftPackageReference "firebase-ios-sdk" */;
			productName = "FirebaseAnalyticsSwift-Beta";
		};
		9B54ED3227EC45CA0031FDD7 /* FirebaseAuth */ = {
			isa = XCSwiftPackageProductDependency;
			package = 9B54ED2D27EC45CA0031FDD7 /* XCRemoteSwiftPackageReference "firebase-ios-sdk" */;
			productName = FirebaseAuth;
		};
		9B54ED3427EC45CA0031FDD7 /* FirebaseAuthCombine-Community */ = {
			isa = XCSwiftPackageProductDependency;
			package = 9B54ED2D27EC45CA0031FDD7 /* XCRemoteSwiftPackageReference "firebase-ios-sdk" */;
			productName = "FirebaseAuthCombine-Community";
		};
		9B54ED3627EC45CA0031FDD7 /* FirebaseCrashlytics */ = {
			isa = XCSwiftPackageProductDependency;
			package = 9B54ED2D27EC45CA0031FDD7 /* XCRemoteSwiftPackageReference "firebase-ios-sdk" */;
			productName = FirebaseCrashlytics;
		};
		9B54ED3827EC45CA0031FDD7 /* FirebaseDatabase */ = {
			isa = XCSwiftPackageProductDependency;
			package = 9B54ED2D27EC45CA0031FDD7 /* XCRemoteSwiftPackageReference "firebase-ios-sdk" */;
			productName = FirebaseDatabase;
		};
		9B54ED3A27EC45CA0031FDD7 /* FirebaseDatabaseSwift-Beta */ = {
			isa = XCSwiftPackageProductDependency;
			package = 9B54ED2D27EC45CA0031FDD7 /* XCRemoteSwiftPackageReference "firebase-ios-sdk" */;
			productName = "FirebaseDatabaseSwift-Beta";
		};
		9B54ED3C27EC45CA0031FDD7 /* FirebaseFirestore */ = {
			isa = XCSwiftPackageProductDependency;
			package = 9B54ED2D27EC45CA0031FDD7 /* XCRemoteSwiftPackageReference "firebase-ios-sdk" */;
			productName = FirebaseFirestore;
		};
		9B54ED3E27EC45CA0031FDD7 /* FirebaseFirestoreCombine-Community */ = {
			isa = XCSwiftPackageProductDependency;
			package = 9B54ED2D27EC45CA0031FDD7 /* XCRemoteSwiftPackageReference "firebase-ios-sdk" */;
			productName = "FirebaseFirestoreCombine-Community";
		};
		9B54ED4027EC45CA0031FDD7 /* FirebaseFirestoreSwift-Beta */ = {
			isa = XCSwiftPackageProductDependency;
			package = 9B54ED2D27EC45CA0031FDD7 /* XCRemoteSwiftPackageReference "firebase-ios-sdk" */;
			productName = "FirebaseFirestoreSwift-Beta";
		};
		9B54ED4227EC45CA0031FDD7 /* FirebasePerformance */ = {
			isa = XCSwiftPackageProductDependency;
			package = 9B54ED2D27EC45CA0031FDD7 /* XCRemoteSwiftPackageReference "firebase-ios-sdk" */;
			productName = FirebasePerformance;
		};
		9B54ED4427EC45CA0031FDD7 /* FirebaseStorage */ = {
			isa = XCSwiftPackageProductDependency;
			package = 9B54ED2D27EC45CA0031FDD7 /* XCRemoteSwiftPackageReference "firebase-ios-sdk" */;
			productName = FirebaseStorage;
		};
/* End XCSwiftPackageProductDependency section */

/* Begin XCVersionGroup section */
		9B99D24827CDE674009F4D31 /* pull_up_man.xcdatamodeld */ = {
			isa = XCVersionGroup;
			children = (
				9B99D24927CDE674009F4D31 /* pull_up_man.xcdatamodel */,
			);
			currentVersion = 9B99D24927CDE674009F4D31 /* pull_up_man.xcdatamodel */;
			path = pull_up_man.xcdatamodeld;
			sourceTree = "<group>";
			versionGroupType = wrapper.xcdatamodel;
		};
/* End XCVersionGroup section */
	};
	rootObject = 9B99D23227CDE674009F4D31 /* Project object */;
}
